PODS:
  - CoreVNGRSKit (1.0.1)

DEPENDENCIES:
  - "CoreVNGRSKit (from `ssh://git@github.com/vngrs/ios-core-vngrs-kit.git`, tag `1.0.5`)"

EXTERNAL SOURCES:
  CoreVNGRSKit:
    :git: "ssh://git@github.com/vngrs/ios-core-vngrs-kit.git"
    :tag: 1.0.5

CHECKOUT OPTIONS:
  CoreVNGRSKit:
    :git: "ssh://git@github.com/vngrs/ios-core-vngrs-kit.git"
    :tag: 1.0.5

SPEC CHECKSUMS:
  CoreVNGRSKit: 26144dffde31f4165df0c79ad18e0c9ce4596742

PODFILE CHECKSUM: 2de14a1e4cf0c7450b4f7f0a479b4cd3ed9fd05d

COCOAPODS: 1.8.4
