// !$*UTF8*$!
{
	archiveVersion = 1;
	classes = {
	};
	objectVersion = 50;
	objects = {

/* Begin PBXBuildFile section */
		E232DE28242BC79B00CCDDC3 /* AppDelegate.swift in Sources */ = {isa = PBXBuildFile; fileRef = E232DE27242BC79B00CCDDC3 /* AppDelegate.swift */; };
		E232DE2A242BC79B00CCDDC3 /* SceneDelegate.swift in Sources */ = {isa = PBXBuildFile; fileRef = E232DE29242BC79B00CCDDC3 /* SceneDelegate.swift */; };
		E232DE2C242BC79B00CCDDC3 /* ViewController.swift in Sources */ = {isa = PBXBuildFile; fileRef = E232DE2B242BC79B00CCDDC3 /* ViewController.swift */; };
		E232DE2F242BC79B00CCDDC3 /* Main.storyboard in Resources */ = {isa = PBXBuildFile; fileRef = E232DE2D242BC79B00CCDDC3 /* Main.storyboard */; };
		E232DE31242BC79C00CCDDC3 /* Assets.xcassets in Resources */ = {isa = PBXBuildFile; fileRef = E232DE30242BC79C00CCDDC3 /* Assets.xcassets */; };
		E232DE34242BC79C00CCDDC3 /* LaunchScreen.storyboard in Resources */ = {isa = PBXBuildFile; fileRef = E232DE32242BC79C00CCDDC3 /* LaunchScreen.storyboard */; };
		E232DE3F242BC79D00CCDDC3 /* MoviesTests.swift in Sources */ = {isa = PBXBuildFile; fileRef = E232DE3E242BC79D00CCDDC3 /* MoviesTests.swift */; };
		E232DE4A242BC79D00CCDDC3 /* MoviesUITests.swift in Sources */ = {isa = PBXBuildFile; fileRef = E232DE49242BC79D00CCDDC3 /* MoviesUITests.swift */; };
/* End PBXBuildFile section */

/* Begin PBXContainerItemProxy section */
		E232DE3B242BC79C00CCDDC3 /* PBXContainerItemProxy */ = {
			isa = PBXContainerItemProxy;
			containerPortal = E232DE1C242BC79B00CCDDC3 /* Project object */;
			proxyType = 1;
			remoteGlobalIDString = E232DE23242BC79B00CCDDC3;
			remoteInfo = Movies;
		};
		E232DE46242BC79D00CCDDC3 /* PBXContainerItemProxy */ = {
			isa = PBXContainerItemProxy;
			containerPortal = E232DE1C242BC79B00CCDDC3 /* Project object */;
			proxyType = 1;
			remoteGlobalIDString = E232DE23242BC79B00CCDDC3;
			remoteInfo = Movies;
		};
/* End PBXContainerItemProxy section */

/* Begin PBXFileReference section */
		E232DE24242BC79B00CCDDC3 /* Movies.app */ = {isa = PBXFileReference; explicitFileType = wrapper.application; includeInIndex = 0; path = Movies.app; sourceTree = BUILT_PRODUCTS_DIR; };
		E232DE27242BC79B00CCDDC3 /* AppDelegate.swift */ = {isa = PBXFileReference; lastKnownFileType = sourcecode.swift; path = AppDelegate.swift; sourceTree = "<group>"; };
		E232DE29242BC79B00CCDDC3 /* SceneDelegate.swift */ = {isa = PBXFileReference; lastKnownFileType = sourcecode.swift; path = SceneDelegate.swift; sourceTree = "<group>"; };
		E232DE2B242BC79B00CCDDC3 /* ViewController.swift */ = {isa = PBXFileReference; lastKnownFileType = sourcecode.swift; path = ViewController.swift; sourceTree = "<group>"; };
		E232DE2E242BC79B00CCDDC3 /* Base */ = {isa = PBXFileReference; lastKnownFileType = file.storyboard; name = Base; path = Base.lproj/Main.storyboard; sourceTree = "<group>"; };
		E232DE30242BC79C00CCDDC3 /* Assets.xcassets */ = {isa = PBXFileReference; lastKnownFileType = folder.assetcatalog; path = Assets.xcassets; sourceTree = "<group>"; };
		E232DE33242BC79C00CCDDC3 /* Base */ = {isa = PBXFileReference; lastKnownFileType = file.storyboard; name = Base; path = Base.lproj/LaunchScreen.storyboard; sourceTree = "<group>"; };
		E232DE35242BC79C00CCDDC3 /* Info.plist */ = {isa = PBXFileReference; lastKnownFileType = text.plist.xml; path = Info.plist; sourceTree = "<group>"; };
		E232DE3A242BC79C00CCDDC3 /* MoviesTests.xctest */ = {isa = PBXFileReference; explicitFileType = wrapper.cfbundle; includeInIndex = 0; path = MoviesTests.xctest; sourceTree = BUILT_PRODUCTS_DIR; };
		E232DE3E242BC79D00CCDDC3 /* MoviesTests.swift */ = {isa = PBXFileReference; lastKnownFileType = sourcecode.swift; path = MoviesTests.swift; sourceTree = "<group>"; };
		E232DE40242BC79D00CCDDC3 /* Info.plist */ = {isa = PBXFileReference; lastKnownFileType = text.plist.xml; path = Info.plist; sourceTree = "<group>"; };
		E232DE45242BC79D00CCDDC3 /* MoviesUITests.xctest */ = {isa = PBXFileReference; explicitFileType = wrapper.cfbundle; includeInIndex = 0; path = MoviesUITests.xctest; sourceTree = BUILT_PRODUCTS_DIR; };
		E232DE49242BC79D00CCDDC3 /* MoviesUITests.swift */ = {isa = PBXFileReference; lastKnownFileType = sourcecode.swift; path = MoviesUITests.swift; sourceTree = "<group>"; };
		E232DE4B242BC79D00CCDDC3 /* Info.plist */ = {isa = PBXFileReference; lastKnownFileType = text.plist.xml; path = Info.plist; sourceTree = "<group>"; };
/* End PBXFileReference section */

/* Begin PBXFrameworksBuildPhase section */
		E232DE21242BC79B00CCDDC3 /* Frameworks */ = {
			isa = PBXFrameworksBuildPhase;
			buildActionMask = 2147483647;
			files = (
			);
			runOnlyForDeploymentPostprocessing = 0;
		};
		E232DE37242BC79C00CCDDC3 /* Frameworks */ = {
			isa = PBXFrameworksBuildPhase;
			buildActionMask = 2147483647;
			files = (
			);
			runOnlyForDeploymentPostprocessing = 0;
		};
		E232DE42242BC79D00CCDDC3 /* Frameworks */ = {
			isa = PBXFrameworksBuildPhase;
			buildActionMask = 2147483647;
			files = (
			);
			runOnlyForDeploymentPostprocessing = 0;
		};
/* End PBXFrameworksBuildPhase section */

/* Begin PBXGroup section */
		E232DE1B242BC79B00CCDDC3 = {
			isa = PBXGroup;
			children = (
				E232DE26242BC79B00CCDDC3 /* Movies */,
				E232DE3D242BC79C00CCDDC3 /* MoviesTests */,
				E232DE48242BC79D00CCDDC3 /* MoviesUITests */,
				E232DE25242BC79B00CCDDC3 /* Products */,
			);
			sourceTree = "<group>";
		};
		E232DE25242BC79B00CCDDC3 /* Products */ = {
			isa = PBXGroup;
			children = (
				E232DE24242BC79B00CCDDC3 /* Movies.app */,
				E232DE3A242BC79C00CCDDC3 /* MoviesTests.xctest */,
				E232DE45242BC79D00CCDDC3 /* MoviesUITests.xctest */,
			);
			name = Products;
			sourceTree = "<group>";
		};
		E232DE26242BC79B00CCDDC3 /* Movies */ = {
			isa = PBXGroup;
			children = (
				E232DE27242BC79B00CCDDC3 /* AppDelegate.swift */,
				E232DE29242BC79B00CCDDC3 /* SceneDelegate.swift */,
				E232DE2B242BC79B00CCDDC3 /* ViewController.swift */,
				E232DE2D242BC79B00CCDDC3 /* Main.storyboard */,
				E232DE30242BC79C00CCDDC3 /* Assets.xcassets */,
				E232DE32242BC79C00CCDDC3 /* LaunchScreen.storyboard */,
				E232DE35242BC79C00CCDDC3 /* Info.plist */,
			);
			path = Movies;
			sourceTree = "<group>";
		};
		E232DE3D242BC79C00CCDDC3 /* MoviesTests */ = {
			isa = PBXGroup;
			children = (
				E232DE3E242BC79D00CCDDC3 /* MoviesTests.swift */,
				E232DE40242BC79D00CCDDC3 /* Info.plist */,
			);
			path = MoviesTests;
			sourceTree = "<group>";
		};
		E232DE48242BC79D00CCDDC3 /* MoviesUITests */ = {
			isa = PBXGroup;
			children = (
				E232DE49242BC79D00CCDDC3 /* MoviesUITests.swift */,
				E232DE4B242BC79D00CCDDC3 /* Info.plist */,
			);
			path = MoviesUITests;
			sourceTree = "<group>";
		};
/* End PBXGroup section */

/* Begin PBXNativeTarget section */
		E232DE23242BC79B00CCDDC3 /* Movies */ = {
			isa = PBXNativeTarget;
			buildConfigurationList = E232DE4E242BC79D00CCDDC3 /* Build configuration list for PBXNativeTarget "Movies" */;
			buildPhases = (
				E232DE20242BC79B00CCDDC3 /* Sources */,
				E232DE21242BC79B00CCDDC3 /* Frameworks */,
				E232DE22242BC79B00CCDDC3 /* Resources */,
			);
			buildRules = (
			);
			dependencies = (
			);
			name = Movies;
			productName = Movies;
			productReference = E232DE24242BC79B00CCDDC3 /* Movies.app */;
			productType = "com.apple.product-type.application";
		};
		E232DE39242BC79C00CCDDC3 /* MoviesTests */ = {
			isa = PBXNativeTarget;
			buildConfigurationList = E232DE51242BC79D00CCDDC3 /* Build configuration list for PBXNativeTarget "MoviesTests" */;
			buildPhases = (
				E232DE36242BC79C00CCDDC3 /* Sources */,
				E232DE37242BC79C00CCDDC3 /* Frameworks */,
				E232DE38242BC79C00CCDDC3 /* Resources */,
			);
			buildRules = (
			);
			dependencies = (
				E232DE3C242BC79C00CCDDC3 /* PBXTargetDependency */,
			);
			name = MoviesTests;
			productName = MoviesTests;
			productReference = E232DE3A242BC79C00CCDDC3 /* MoviesTests.xctest */;
			productType = "com.apple.product-type.bundle.unit-test";
		};
		E232DE44242BC79D00CCDDC3 /* MoviesUITests */ = {
			isa = PBXNativeTarget;
			buildConfigurationList = E232DE54242BC79D00CCDDC3 /* Build configuration list for PBXNativeTarget "MoviesUITests" */;
			buildPhases = (
				E232DE41242BC79D00CCDDC3 /* Sources */,
				E232DE42242BC79D00CCDDC3 /* Frameworks */,
				E232DE43242BC79D00CCDDC3 /* Resources */,
			);
			buildRules = (
			);
			dependencies = (
				E232DE47242BC79D00CCDDC3 /* PBXTargetDependency */,
			);
			name = MoviesUITests;
			productName = MoviesUITests;
			productReference = E232DE45242BC79D00CCDDC3 /* MoviesUITests.xctest */;
			productType = "com.apple.product-type.bundle.ui-testing";
		};
/* End PBXNativeTarget section */

/* Begin PBXProject section */
		E232DE1C242BC79B00CCDDC3 /* Project object */ = {
			isa = PBXProject;
			attributes = {
				LastSwiftUpdateCheck = 1120;
				LastUpgradeCheck = 1120;
				ORGANIZATIONNAME = VNGRS;
				TargetAttributes = {
					E232DE23242BC79B00CCDDC3 = {
						CreatedOnToolsVersion = 11.2.1;
					};
					E232DE39242BC79C00CCDDC3 = {
						CreatedOnToolsVersion = 11.2.1;
						TestTargetID = E232DE23242BC79B00CCDDC3;
					};
					E232DE44242BC79D00CCDDC3 = {
						CreatedOnToolsVersion = 11.2.1;
						TestTargetID = E232DE23242BC79B00CCDDC3;
					};
				};
			};
			buildConfigurationList = E232DE1F242BC79B00CCDDC3 /* Build configuration list for PBXProject "Movies" */;
			compatibilityVersion = "Xcode 9.3";
			developmentRegion = en;
			hasScannedForEncodings = 0;
			knownRegions = (
				en,
				Base,
			);
			mainGroup = E232DE1B242BC79B00CCDDC3;
			productRefGroup = E232DE25242BC79B00CCDDC3 /* Products */;
			projectDirPath = "";
			projectRoot = "";
			targets = (
				E232DE23242BC79B00CCDDC3 /* Movies */,
				E232DE39242BC79C00CCDDC3 /* MoviesTests */,
				E232DE44242BC79D00CCDDC3 /* MoviesUITests */,
			);
		};
/* End PBXProject section */

/* Begin PBXResourcesBuildPhase section */
		E232DE22242BC79B00CCDDC3 /* Resources */ = {
			isa = PBXResourcesBuildPhase;
			buildActionMask = 2147483647;
			files = (
				E232DE34242BC79C00CCDDC3 /* LaunchScreen.storyboard in Resources */,
				E232DE31242BC79C00CCDDC3 /* Assets.xcassets in Resources */,
				E232DE2F242BC79B00CCDDC3 /* Main.storyboard in Resources */,
			);
			runOnlyForDeploymentPostprocessing = 0;
		};
		E232DE38242BC79C00CCDDC3 /* Resources */ = {
			isa = PBXResourcesBuildPhase;
			buildActionMask = 2147483647;
			files = (
			);
			runOnlyForDeploymentPostprocessing = 0;
		};
		E232DE43242BC79D00CCDDC3 /* Resources */ = {
			isa = PBXResourcesBuildPhase;
			buildActionMask = 2147483647;
			files = (
			);
			runOnlyForDeploymentPostprocessing = 0;
		};
/* End PBXResourcesBuildPhase section */

/* Begin PBXSourcesBuildPhase section */
		E232DE20242BC79B00CCDDC3 /* Sources */ = {
			isa = PBXSourcesBuildPhase;
			buildActionMask = 2147483647;
			files = (
				E232DE2C242BC79B00CCDDC3 /* ViewController.swift in Sources */,
				E232DE28242BC79B00CCDDC3 /* AppDelegate.swift in Sources */,
				E232DE2A242BC79B00CCDDC3 /* SceneDelegate.swift in Sources */,
			);
			runOnlyForDeploymentPostprocessing = 0;
		};
		E232DE36242BC79C00CCDDC3 /* Sources */ = {
			isa = PBXSourcesBuildPhase;
			buildActionMask = 2147483647;
			files = (
				E232DE3F242BC79D00CCDDC3 /* MoviesTests.swift in Sources */,
			);
			runOnlyForDeploymentPostprocessing = 0;
		};
		E232DE41242BC79D00CCDDC3 /* Sources */ = {
			isa = PBXSourcesBuildPhase;
			buildActionMask = 2147483647;
			files = (
				E232DE4A242BC79D00CCDDC3 /* MoviesUITests.swift in Sources */,
			);
			runOnlyForDeploymentPostprocessing = 0;
		};
/* End PBXSourcesBuildPhase section */

/* Begin PBXTargetDependency section */
		E232DE3C242BC79C00CCDDC3 /* PBXTargetDependency */ = {
			isa = PBXTargetDependency;
			target = E232DE23242BC79B00CCDDC3 /* Movies */;
			targetProxy = E232DE3B242BC79C00CCDDC3 /* PBXContainerItemProxy */;
		};
		E232DE47242BC79D00CCDDC3 /* PBXTargetDependency */ = {
			isa = PBXTargetDependency;
			target = E232DE23242BC79B00CCDDC3 /* Movies */;
			targetProxy = E232DE46242BC79D00CCDDC3 /* PBXContainerItemProxy */;
		};
/* End PBXTargetDependency section */

/* Begin PBXVariantGroup section */
		E232DE2D242BC79B00CCDDC3 /* Main.storyboard */ = {
			isa = PBXVariantGroup;
			children = (
				E232DE2E242BC79B00CCDDC3 /* Base */,
			);
			name = Main.storyboard;
			sourceTree = "<group>";
		};
		E232DE32242BC79C00CCDDC3 /* LaunchScreen.storyboard */ = {
			isa = PBXVariantGroup;
			children = (
				E232DE33242BC79C00CCDDC3 /* Base */,
			);
			name = LaunchScreen.storyboard;
			sourceTree = "<group>";
		};
/* End PBXVariantGroup section */

/* Begin XCBuildConfiguration section */
		E232DE4C242BC79D00CCDDC3 /* Debug */ = {
			isa = XCBuildConfiguration;
			buildSettings = {
				ALWAYS_SEARCH_USER_PATHS = NO;
				CLANG_ANALYZER_NONNULL = YES;
				CLANG_ANALYZER_NUMBER_OBJECT_CONVERSION = YES_AGGRESSIVE;
				CLANG_CXX_LANGUAGE_STANDARD = "gnu++14";
				CLANG_CXX_LIBRARY = "libc++";
				CLANG_ENABLE_MODULES = YES;
				CLANG_ENABLE_OBJC_ARC = YES;
				CLANG_ENABLE_OBJC_WEAK = YES;
				CLANG_WARN_BLOCK_CAPTURE_AUTORELEASING = YES;
				CLANG_WARN_BOOL_CONVERSION = YES;
				CLANG_WARN_COMMA = YES;
				CLANG_WARN_CONSTANT_CONVERSION = YES;
				CLANG_WARN_DEPRECATED_OBJC_IMPLEMENTATIONS = YES;
				CLANG_WARN_DIRECT_OBJC_ISA_USAGE = YES_ERROR;
				CLANG_WARN_DOCUMENTATION_COMMENTS = YES;
				CLANG_WARN_EMPTY_BODY = YES;
				CLANG_WARN_ENUM_CONVERSION = YES;
				CLANG_WARN_INFINITE_RECURSION = YES;
				CLANG_WARN_INT_CONVERSION = YES;
				CLANG_WARN_NON_LITERAL_NULL_CONVERSION = YES;
				CLANG_WARN_OBJC_IMPLICIT_RETAIN_SELF = YES;
				CLANG_WARN_OBJC_LITERAL_CONVERSION = YES;
				CLANG_WARN_OBJC_ROOT_CLASS = YES_ERROR;
				CLANG_WARN_RANGE_LOOP_ANALYSIS = YES;
				CLANG_WARN_STRICT_PROTOTYPES = YES;
				CLANG_WARN_SUSPICIOUS_MOVE = YES;
				CLANG_WARN_UNGUARDED_AVAILABILITY = YES_AGGRESSIVE;
				CLANG_WARN_UNREACHABLE_CODE = YES;
				CLANG_WARN__DUPLICATE_METHOD_MATCH = YES;
				COPY_PHASE_STRIP = NO;
				DEBUG_INFORMATION_FORMAT = dwarf;
				ENABLE_STRICT_OBJC_MSGSEND = YES;
				ENABLE_TESTABILITY = YES;
				GCC_C_LANGUAGE_STANDARD = gnu11;
				GCC_DYNAMIC_NO_PIC = NO;
				GCC_NO_COMMON_BLOCKS = YES;
				GCC_OPTIMIZATION_LEVEL = 0;
				GCC_PREPROCESSOR_DEFINITIONS = (
					"DEBUG=1",
					"$(inherited)",
				);
				GCC_WARN_64_TO_32_BIT_CONVERSION = YES;
				GCC_WARN_ABOUT_RETURN_TYPE = YES_ERROR;
				GCC_WARN_UNDECLARED_SELECTOR = YES;
				GCC_WARN_UNINITIALIZED_AUTOS = YES_AGGRESSIVE;
				GCC_WARN_UNUSED_FUNCTION = YES;
				GCC_WARN_UNUSED_VARIABLE = YES;
				IPHONEOS_DEPLOYMENT_TARGET = 13.2;
				MTL_ENABLE_DEBUG_INFO = INCLUDE_SOURCE;
				MTL_FAST_MATH = YES;
				ONLY_ACTIVE_ARCH = YES;
				SDKROOT = iphoneos;
				SWIFT_ACTIVE_COMPILATION_CONDITIONS = DEBUG;
				SWIFT_OPTIMIZATION_LEVEL = "-Onone";
			};
			name = Debug;
		};
		E232DE4D242BC79D00CCDDC3 /* Release */ = {
			isa = XCBuildConfiguration;
			buildSettings = {
				ALWAYS_SEARCH_USER_PATHS = NO;
				CLANG_ANALYZER_NONNULL = YES;
				CLANG_ANALYZER_NUMBER_OBJECT_CONVERSION = YES_AGGRESSIVE;
				CLANG_CXX_LANGUAGE_STANDARD = "gnu++14";
				CLANG_CXX_LIBRARY = "libc++";
				CLANG_ENABLE_MODULES = YES;
				CLANG_ENABLE_OBJC_ARC = YES;
				CLANG_ENABLE_OBJC_WEAK = YES;
				CLANG_WARN_BLOCK_CAPTURE_AUTORELEASING = YES;
				CLANG_WARN_BOOL_CONVERSION = YES;
				CLANG_WARN_COMMA = YES;
				CLANG_WARN_CONSTANT_CONVERSION = YES;
				CLANG_WARN_DEPRECATED_OBJC_IMPLEMENTATIONS = YES;
				CLANG_WARN_DIRECT_OBJC_ISA_USAGE = YES_ERROR;
				CLANG_WARN_DOCUMENTATION_COMMENTS = YES;
				CLANG_WARN_EMPTY_BODY = YES;
				CLANG_WARN_ENUM_CONVERSION = YES;
				CLANG_WARN_INFINITE_RECURSION = YES;
				CLANG_WARN_INT_CONVERSION = YES;
				CLANG_WARN_NON_LITERAL_NULL_CONVERSION = YES;
				CLANG_WARN_OBJC_IMPLICIT_RETAIN_SELF = YES;
				CLANG_WARN_OBJC_LITERAL_CONVERSION = YES;
				CLANG_WARN_OBJC_ROOT_CLASS = YES_ERROR;
				CLANG_WARN_RANGE_LOOP_ANALYSIS = YES;
				CLANG_WARN_STRICT_PROTOTYPES = YES;
				CLANG_WARN_SUSPICIOUS_MOVE = YES;
				CLANG_WARN_UNGUARDED_AVAILABILITY = YES_AGGRESSIVE;
				CLANG_WARN_UNREACHABLE_CODE = YES;
				CLANG_WARN__DUPLICATE_METHOD_MATCH = YES;
				COPY_PHASE_STRIP = NO;
				DEBUG_INFORMATION_FORMAT = "dwarf-with-dsym";
				ENABLE_NS_ASSERTIONS = NO;
				ENABLE_STRICT_OBJC_MSGSEND = YES;
				GCC_C_LANGUAGE_STANDARD = gnu11;
				GCC_NO_COMMON_BLOCKS = YES;
				GCC_WARN_64_TO_32_BIT_CONVERSION = YES;
				GCC_WARN_ABOUT_RETURN_TYPE = YES_ERROR;
				GCC_WARN_UNDECLARED_SELECTOR = YES;
				GCC_WARN_UNINITIALIZED_AUTOS = YES_AGGRESSIVE;
				GCC_WARN_UNUSED_FUNCTION = YES;
				GCC_WARN_UNUSED_VARIABLE = YES;
				IPHONEOS_DEPLOYMENT_TARGET = 13.2;
				MTL_ENABLE_DEBUG_INFO = NO;
				MTL_FAST_MATH = YES;
				SDKROOT = iphoneos;
				SWIFT_COMPILATION_MODE = wholemodule;
				SWIFT_OPTIMIZATION_LEVEL = "-O";
				VALIDATE_PRODUCT = YES;
			};
			name = Release;
		};
		E232DE4F242BC79D00CCDDC3 /* Debug */ = {
			isa = XCBuildConfiguration;
			buildSettings = {
				ASSETCATALOG_COMPILER_APPICON_NAME = AppIcon;
				CODE_SIGN_STYLE = Automatic;
				INFOPLIST_FILE = Movies/Info.plist;
				LD_RUNPATH_SEARCH_PATHS = (
					"$(inherited)",
					"@executable_path/Frameworks",
				);
				PRODUCT_BUNDLE_IDENTIFIER = com.vngrs.Movies;
				PRODUCT_NAME = "$(TARGET_NAME)";
				SWIFT_VERSION = 5.0;
				TARGETED_DEVICE_FAMILY = "1,2";
			};
			name = Debug;
		};
		E232DE50242BC79D00CCDDC3 /* Release */ = {
			isa = XCBuildConfiguration;
			buildSettings = {
				ASSETCATALOG_COMPILER_APPICON_NAME = AppIcon;
				CODE_SIGN_STYLE = Automatic;
				INFOPLIST_FILE = Movies/Info.plist;
				LD_RUNPATH_SEARCH_PATHS = (
					"$(inherited)",
					"@executable_path/Frameworks",
				);
				PRODUCT_BUNDLE_IDENTIFIER = com.vngrs.Movies;
				PRODUCT_NAME = "$(TARGET_NAME)";
				SWIFT_VERSION = 5.0;
				TARGETED_DEVICE_FAMILY = "1,2";
			};
			name = Release;
		};
		E232DE52242BC79D00CCDDC3 /* Debug */ = {
			isa = XCBuildConfiguration;
			buildSettings = {
				ALWAYS_EMBED_SWIFT_STANDARD_LIBRARIES = YES;
				BUNDLE_LOADER = "$(TEST_HOST)";
				CODE_SIGN_STYLE = Automatic;
				INFOPLIST_FILE = MoviesTests/Info.plist;
				IPHONEOS_DEPLOYMENT_TARGET = 13.2;
				LD_RUNPATH_SEARCH_PATHS = (
					"$(inherited)",
					"@executable_path/Frameworks",
					"@loader_path/Frameworks",
				);
				PRODUCT_BUNDLE_IDENTIFIER = com.vngrs.MoviesTests;
				PRODUCT_NAME = "$(TARGET_NAME)";
				SWIFT_VERSION = 5.0;
				TARGETED_DEVICE_FAMILY = "1,2";
				TEST_HOST = "$(BUILT_PRODUCTS_DIR)/Movies.app/Movies";
			};
			name = Debug;
		};
		E232DE53242BC79D00CCDDC3 /* Release */ = {
			isa = XCBuildConfiguration;
			buildSettings = {
				ALWAYS_EMBED_SWIFT_STANDARD_LIBRARIES = YES;
				BUNDLE_LOADER = "$(TEST_HOST)";
				CODE_SIGN_STYLE = Automatic;
				INFOPLIST_FILE = MoviesTests/Info.plist;
				IPHONEOS_DEPLOYMENT_TARGET = 13.2;
				LD_RUNPATH_SEARCH_PATHS = (
					"$(inherited)",
					"@executable_path/Frameworks",
					"@loader_path/Frameworks",
				);
				PRODUCT_BUNDLE_IDENTIFIER = com.vngrs.MoviesTests;
				PRODUCT_NAME = "$(TARGET_NAME)";
				SWIFT_VERSION = 5.0;
				TARGETED_DEVICE_FAMILY = "1,2";
				TEST_HOST = "$(BUILT_PRODUCTS_DIR)/Movies.app/Movies";
			};
			name = Release;
		};
		E232DE55242BC79D00CCDDC3 /* Debug */ = {
			isa = XCBuildConfiguration;
			buildSettings = {
				ALWAYS_EMBED_SWIFT_STANDARD_LIBRARIES = YES;
				CODE_SIGN_STYLE = Automatic;
				INFOPLIST_FILE = MoviesUITests/Info.plist;
				LD_RUNPATH_SEARCH_PATHS = (
					"$(inherited)",
					"@executable_path/Frameworks",
					"@loader_path/Frameworks",
				);
				PRODUCT_BUNDLE_IDENTIFIER = com.vngrs.MoviesUITests;
				PRODUCT_NAME = "$(TARGET_NAME)";
				SWIFT_VERSION = 5.0;
				TARGETED_DEVICE_FAMILY = "1,2";
				TEST_TARGET_NAME = Movies;
			};
			name = Debug;
		};
		E232DE56242BC79D00CCDDC3 /* Release */ = {
			isa = XCBuildConfiguration;
			buildSettings = {
				ALWAYS_EMBED_SWIFT_STANDARD_LIBRARIES = YES;
				CODE_SIGN_STYLE = Automatic;
				INFOPLIST_FILE = MoviesUITests/Info.plist;
				LD_RUNPATH_SEARCH_PATHS = (
					"$(inherited)",
					"@executable_path/Frameworks",
					"@loader_path/Frameworks",
				);
				PRODUCT_BUNDLE_IDENTIFIER = com.vngrs.MoviesUITests;
				PRODUCT_NAME = "$(TARGET_NAME)";
				SWIFT_VERSION = 5.0;
				TARGETED_DEVICE_FAMILY = "1,2";
				TEST_TARGET_NAME = Movies;
			};
			name = Release;
		};
/* End XCBuildConfiguration section */

/* Begin XCConfigurationList section */
		E232DE1F242BC79B00CCDDC3 /* Build configuration list for PBXProject "Movies" */ = {
			isa = XCConfigurationList;
			buildConfigurations = (
				E232DE4C242BC79D00CCDDC3 /* Debug */,
				E232DE4D242BC79D00CCDDC3 /* Release */,
			);
			defaultConfigurationIsVisible = 0;
			defaultConfigurationName = Release;
		};
		E232DE4E242BC79D00CCDDC3 /* Build configuration list for PBXNativeTarget "Movies" */ = {
			isa = XCConfigurationList;
			buildConfigurations = (
				E232DE4F242BC79D00CCDDC3 /* Debug */,
				E232DE50242BC79D00CCDDC3 /* Release */,
			);
			defaultConfigurationIsVisible = 0;
			defaultConfigurationName = Release;
		};
		E232DE51242BC79D00CCDDC3 /* Build configuration list for PBXNativeTarget "MoviesTests" */ = {
			isa = XCConfigurationList;
			buildConfigurations = (
				E232DE52242BC79D00CCDDC3 /* Debug */,
				E232DE53242BC79D00CCDDC3 /* Release */,
			);
			defaultConfigurationIsVisible = 0;
			defaultConfigurationName = Release;
		};
		E232DE54242BC79D00CCDDC3 /* Build configuration list for PBXNativeTarget "MoviesUITests" */ = {
			isa = XCConfigurationList;
			buildConfigurations = (
				E232DE55242BC79D00CCDDC3 /* Debug */,
				E232DE56242BC79D00CCDDC3 /* Release */,
			);
			defaultConfigurationIsVisible = 0;
			defaultConfigurationName = Release;
		};
/* End XCConfigurationList section */
	};
	rootObject = E232DE1C242BC79B00CCDDC3 /* Project object */;
}
