// !$*UTF8*$!
{
	archiveVersion = 1;
	classes = {
	};
	objectVersion = 51;
	objects = {

/* Begin PBXBuildFile section */
		53C8CBA6D5B9A8F30FD4CF3B /* Pods_Movies_MoviesUITests.framework in Frameworks */ = {isa = PBXBuildFile; fileRef = 8A685D5C61B585FDB666389D /* Pods_Movies_MoviesUITests.framework */; };
		643535FA2E4C867006207441 /* Pods_Movies.framework in Frameworks */ = {isa = PBXBuildFile; fileRef = EC07E23883DCB0A588BC4084 /* Pods_Movies.framework */; };
		AFCC00422497D71100650A22 /* GoogleService-Info.plist in Resources */ = {isa = PBXBuildFile; fileRef = AFCC00412497D71000650A22 /* GoogleService-Info.plist */; };
		DBB73DBDCDE96FEFB9EB9974 /* Pods_MoviesTests.framework in Frameworks */ = {isa = PBXBuildFile; fileRef = 62C80DF37855A04B9E27D262 /* Pods_MoviesTests.framework */; };
		E232DE28242BC79B00CCDDC3 /* AppDelegate.swift in Sources */ = {isa = PBXBuildFile; fileRef = E232DE27242BC79B00CCDDC3 /* AppDelegate.swift */; };
		E232DE2C242BC79B00CCDDC3 /* MoviesListViewController.swift in Sources */ = {isa = PBXBuildFile; fileRef = E232DE2B242BC79B00CCDDC3 /* MoviesListViewController.swift */; };
		E232DE2F242BC79B00CCDDC3 /* Main.storyboard in Resources */ = {isa = PBXBuildFile; fileRef = E232DE2D242BC79B00CCDDC3 /* Main.storyboard */; };
		E232DE31242BC79C00CCDDC3 /* Assets.xcassets in Resources */ = {isa = PBXBuildFile; fileRef = E232DE30242BC79C00CCDDC3 /* Assets.xcassets */; };
		E232DE34242BC79C00CCDDC3 /* LaunchScreen.storyboard in Resources */ = {isa = PBXBuildFile; fileRef = E232DE32242BC79C00CCDDC3 /* LaunchScreen.storyboard */; };
		E232DE3F242BC79D00CCDDC3 /* MoviesTests.swift in Sources */ = {isa = PBXBuildFile; fileRef = E232DE3E242BC79D00CCDDC3 /* MoviesTests.swift */; };
		E232DE4A242BC79D00CCDDC3 /* MoviesUITests.swift in Sources */ = {isa = PBXBuildFile; fileRef = E232DE49242BC79D00CCDDC3 /* MoviesUITests.swift */; };
		E2496201245B27910058DFDD /* MoviesListViewModel.swift in Sources */ = {isa = PBXBuildFile; fileRef = E2496200245B27910058DFDD /* MoviesListViewModel.swift */; };
		E2496205245B28810058DFDD /* PopularMoviesRequest.swift in Sources */ = {isa = PBXBuildFile; fileRef = E2496204245B28810058DFDD /* PopularMoviesRequest.swift */; };
		E2496208245B294D0058DFDD /* MoviesResponse.swift in Sources */ = {isa = PBXBuildFile; fileRef = E2496207245B294D0058DFDD /* MoviesResponse.swift */; };
		E249620A245B29B30058DFDD /* Movie.swift in Sources */ = {isa = PBXBuildFile; fileRef = E2496209245B29B30058DFDD /* Movie.swift */; };
		E249620D245B2E090058DFDD /* BaseViewController.swift in Sources */ = {isa = PBXBuildFile; fileRef = E249620C245B2E090058DFDD /* BaseViewController.swift */; };
		E2496210245B33AF0058DFDD /* MovieTableViewCell.swift in Sources */ = {isa = PBXBuildFile; fileRef = E249620F245B33AF0058DFDD /* MovieTableViewCell.swift */; };
		E2496212245B34680058DFDD /* MovieTableViewCell.xib in Resources */ = {isa = PBXBuildFile; fileRef = E2496211245B34680058DFDD /* MovieTableViewCell.xib */; };
		E28B2596245B09D20067C622 /* NetworkingManager.swift in Sources */ = {isa = PBXBuildFile; fileRef = E28B2595245B09D20067C622 /* NetworkingManager.swift */; };
		E28B2598245B0A100067C622 /* BaseRequest.swift in Sources */ = {isa = PBXBuildFile; fileRef = E28B2597245B0A100067C622 /* BaseRequest.swift */; };
		E28B259D245B25890067C622 /* LaunchManager.swift in Sources */ = {isa = PBXBuildFile; fileRef = E28B259C245B25890067C622 /* LaunchManager.swift */; };
		E29818E4248429EF0087187D /* RESTMovieModel.swift in Sources */ = {isa = PBXBuildFile; fileRef = E29818E3248429EF0087187D /* RESTMovieModel.swift */; };
		E29818E72484304C0087187D /* MovieDetailsViewController.swift in Sources */ = {isa = PBXBuildFile; fileRef = E29818E62484304C0087187D /* MovieDetailsViewController.swift */; };
		E29818E9248430930087187D /* MoviesListPresentation.swift in Sources */ = {isa = PBXBuildFile; fileRef = E29818E8248430930087187D /* MoviesListPresentation.swift */; };
		E29818EE2484336C0087187D /* MovieDetailsRouter.swift in Sources */ = {isa = PBXBuildFile; fileRef = E29818ED2484336C0087187D /* MovieDetailsRouter.swift */; };
		E29818F02484397D0087187D /* AppRouter.swift in Sources */ = {isa = PBXBuildFile; fileRef = E29818EF2484397D0087187D /* AppRouter.swift */; };
		E29818F224843B620087187D /* TitleTableCell.xib in Resources */ = {isa = PBXBuildFile; fileRef = E29818F124843B620087187D /* TitleTableCell.xib */; };
		E29818F424843BD30087187D /* TitleTableCell.swift in Sources */ = {isa = PBXBuildFile; fileRef = E29818F324843BD30087187D /* TitleTableCell.swift */; };
		E29818F624843D410087187D /* MovieDetailsViewModel.swift in Sources */ = {isa = PBXBuildFile; fileRef = E29818F524843D410087187D /* MovieDetailsViewModel.swift */; };
		E29818F82485170F0087187D /* MovieModel.swift in Sources */ = {isa = PBXBuildFile; fileRef = E29818F72485170F0087187D /* MovieModel.swift */; };
		E29818FA2485178D0087187D /* MockMovieModel.swift in Sources */ = {isa = PBXBuildFile; fileRef = E29818F92485178D0087187D /* MockMovieModel.swift */; };
		E2ECE6C1245F91C100AF4E3F /* URLBuilder.swift in Sources */ = {isa = PBXBuildFile; fileRef = E2ECE6C0245F91C100AF4E3F /* URLBuilder.swift */; };
		E2ECE6C3245FB29500AF4E3F /* TopRatedRequest.swift in Sources */ = {isa = PBXBuildFile; fileRef = E2ECE6C2245FB29400AF4E3F /* TopRatedRequest.swift */; };
		E2ECE6C5245FB2C000AF4E3F /* NowPlayingRequest.swift in Sources */ = {isa = PBXBuildFile; fileRef = E2ECE6C4245FB2C000AF4E3F /* NowPlayingRequest.swift */; };
		E2ECE6C7245FB2E700AF4E3F /* UpcomingRequest.swift in Sources */ = {isa = PBXBuildFile; fileRef = E2ECE6C6245FB2E700AF4E3F /* UpcomingRequest.swift */; };
		FF2B5BA92493820400D87EF4 /* BasePage.swift in Sources */ = {isa = PBXBuildFile; fileRef = FF2B5BA82493820400D87EF4 /* BasePage.swift */; };
		FF2B5BAB2493822800D87EF4 /* HomePage.swift in Sources */ = {isa = PBXBuildFile; fileRef = FF2B5BAA2493822800D87EF4 /* HomePage.swift */; };
		FF2B5BAD2493825800D87EF4 /* BaseTests.swift in Sources */ = {isa = PBXBuildFile; fileRef = FF2B5BAC2493825800D87EF4 /* BaseTests.swift */; };
		FF2B5BAF2493828700D87EF4 /* HomePageTests.swift in Sources */ = {isa = PBXBuildFile; fileRef = FF2B5BAE2493828700D87EF4 /* HomePageTests.swift */; };
/* End PBXBuildFile section */

/* Begin PBXContainerItemProxy section */
		E232DE3B242BC79C00CCDDC3 /* PBXContainerItemProxy */ = {
			isa = PBXContainerItemProxy;
			containerPortal = E232DE1C242BC79B00CCDDC3 /* Project object */;
			proxyType = 1;
			remoteGlobalIDString = E232DE23242BC79B00CCDDC3;
			remoteInfo = Movies;
		};
		E232DE46242BC79D00CCDDC3 /* PBXContainerItemProxy */ = {
			isa = PBXContainerItemProxy;
			containerPortal = E232DE1C242BC79B00CCDDC3 /* Project object */;
			proxyType = 1;
			remoteGlobalIDString = E232DE23242BC79B00CCDDC3;
			remoteInfo = Movies;
		};
/* End PBXContainerItemProxy section */

/* Begin PBXFileReference section */
		23F1FCEFD106BA822E3ED70B /* Pods-Movies.release.xcconfig */ = {isa = PBXFileReference; includeInIndex = 1; lastKnownFileType = text.xcconfig; name = "Pods-Movies.release.xcconfig"; path = "Target Support Files/Pods-Movies/Pods-Movies.release.xcconfig"; sourceTree = "<group>"; };
		40274A246829DFC5BDF97A2A /* Pods-Movies.debug.xcconfig */ = {isa = PBXFileReference; includeInIndex = 1; lastKnownFileType = text.xcconfig; name = "Pods-Movies.debug.xcconfig"; path = "Target Support Files/Pods-Movies/Pods-Movies.debug.xcconfig"; sourceTree = "<group>"; };
		407E764F890123D285BAAE6D /* Pods-Movies-MoviesUITests.debug.xcconfig */ = {isa = PBXFileReference; includeInIndex = 1; lastKnownFileType = text.xcconfig; name = "Pods-Movies-MoviesUITests.debug.xcconfig"; path = "Target Support Files/Pods-Movies-MoviesUITests/Pods-Movies-MoviesUITests.debug.xcconfig"; sourceTree = "<group>"; };
		49927B1D179DC8C45E2D7F73 /* Pods-MoviesTests.release.xcconfig */ = {isa = PBXFileReference; includeInIndex = 1; lastKnownFileType = text.xcconfig; name = "Pods-MoviesTests.release.xcconfig"; path = "Target Support Files/Pods-MoviesTests/Pods-MoviesTests.release.xcconfig"; sourceTree = "<group>"; };
		62C80DF37855A04B9E27D262 /* Pods_MoviesTests.framework */ = {isa = PBXFileReference; explicitFileType = wrapper.framework; includeInIndex = 0; path = Pods_MoviesTests.framework; sourceTree = BUILT_PRODUCTS_DIR; };
		8A685D5C61B585FDB666389D /* Pods_Movies_MoviesUITests.framework */ = {isa = PBXFileReference; explicitFileType = wrapper.framework; includeInIndex = 0; path = Pods_Movies_MoviesUITests.framework; sourceTree = BUILT_PRODUCTS_DIR; };
		AFCC00412497D71000650A22 /* GoogleService-Info.plist */ = {isa = PBXFileReference; fileEncoding = 4; lastKnownFileType = text.plist.xml; path = "GoogleService-Info.plist"; sourceTree = "<group>"; };
		D01A276615F114E9078F1C32 /* Pods-Movies-MoviesUITests.release.xcconfig */ = {isa = PBXFileReference; includeInIndex = 1; lastKnownFileType = text.xcconfig; name = "Pods-Movies-MoviesUITests.release.xcconfig"; path = "Target Support Files/Pods-Movies-MoviesUITests/Pods-Movies-MoviesUITests.release.xcconfig"; sourceTree = "<group>"; };
		DB68FF3510651136861668ED /* Pods-MoviesTests.debug.xcconfig */ = {isa = PBXFileReference; includeInIndex = 1; lastKnownFileType = text.xcconfig; name = "Pods-MoviesTests.debug.xcconfig"; path = "Target Support Files/Pods-MoviesTests/Pods-MoviesTests.debug.xcconfig"; sourceTree = "<group>"; };
		E232DE24242BC79B00CCDDC3 /* MoviesDemo.app */ = {isa = PBXFileReference; explicitFileType = wrapper.application; includeInIndex = 0; path = MoviesDemo.app; sourceTree = BUILT_PRODUCTS_DIR; };
		E232DE27242BC79B00CCDDC3 /* AppDelegate.swift */ = {isa = PBXFileReference; lastKnownFileType = sourcecode.swift; path = AppDelegate.swift; sourceTree = "<group>"; };
		E232DE2B242BC79B00CCDDC3 /* MoviesListViewController.swift */ = {isa = PBXFileReference; lastKnownFileType = sourcecode.swift; path = MoviesListViewController.swift; sourceTree = "<group>"; };
		E232DE2E242BC79B00CCDDC3 /* Base */ = {isa = PBXFileReference; lastKnownFileType = file.storyboard; name = Base; path = Base.lproj/Main.storyboard; sourceTree = "<group>"; };
		E232DE30242BC79C00CCDDC3 /* Assets.xcassets */ = {isa = PBXFileReference; lastKnownFileType = folder.assetcatalog; path = Assets.xcassets; sourceTree = "<group>"; };
		E232DE33242BC79C00CCDDC3 /* Base */ = {isa = PBXFileReference; lastKnownFileType = file.storyboard; name = Base; path = Base.lproj/LaunchScreen.storyboard; sourceTree = "<group>"; };
		E232DE35242BC79C00CCDDC3 /* Info.plist */ = {isa = PBXFileReference; lastKnownFileType = text.plist.xml; path = Info.plist; sourceTree = "<group>"; };
		E232DE3A242BC79C00CCDDC3 /* MoviesTests.xctest */ = {isa = PBXFileReference; explicitFileType = wrapper.cfbundle; includeInIndex = 0; path = MoviesTests.xctest; sourceTree = BUILT_PRODUCTS_DIR; };
		E232DE3E242BC79D00CCDDC3 /* MoviesTests.swift */ = {isa = PBXFileReference; lastKnownFileType = sourcecode.swift; path = MoviesTests.swift; sourceTree = "<group>"; };
		E232DE40242BC79D00CCDDC3 /* Info.plist */ = {isa = PBXFileReference; lastKnownFileType = text.plist.xml; path = Info.plist; sourceTree = "<group>"; };
		E232DE45242BC79D00CCDDC3 /* MoviesUITests.xctest */ = {isa = PBXFileReference; explicitFileType = wrapper.cfbundle; includeInIndex = 0; path = MoviesUITests.xctest; sourceTree = BUILT_PRODUCTS_DIR; };
		E232DE49242BC79D00CCDDC3 /* MoviesUITests.swift */ = {isa = PBXFileReference; lastKnownFileType = sourcecode.swift; path = MoviesUITests.swift; sourceTree = "<group>"; };
		E232DE4B242BC79D00CCDDC3 /* Info.plist */ = {isa = PBXFileReference; lastKnownFileType = text.plist.xml; path = Info.plist; sourceTree = "<group>"; };
		E2496200245B27910058DFDD /* MoviesListViewModel.swift */ = {isa = PBXFileReference; lastKnownFileType = sourcecode.swift; path = MoviesListViewModel.swift; sourceTree = "<group>"; };
		E2496204245B28810058DFDD /* PopularMoviesRequest.swift */ = {isa = PBXFileReference; lastKnownFileType = sourcecode.swift; path = PopularMoviesRequest.swift; sourceTree = "<group>"; };
		E2496207245B294D0058DFDD /* MoviesResponse.swift */ = {isa = PBXFileReference; lastKnownFileType = sourcecode.swift; path = MoviesResponse.swift; sourceTree = "<group>"; };
		E2496209245B29B30058DFDD /* Movie.swift */ = {isa = PBXFileReference; lastKnownFileType = sourcecode.swift; path = Movie.swift; sourceTree = "<group>"; };
		E249620C245B2E090058DFDD /* BaseViewController.swift */ = {isa = PBXFileReference; lastKnownFileType = sourcecode.swift; path = BaseViewController.swift; sourceTree = "<group>"; };
		E249620F245B33AF0058DFDD /* MovieTableViewCell.swift */ = {isa = PBXFileReference; lastKnownFileType = sourcecode.swift; path = MovieTableViewCell.swift; sourceTree = "<group>"; };
		E2496211245B34680058DFDD /* MovieTableViewCell.xib */ = {isa = PBXFileReference; lastKnownFileType = file.xib; path = MovieTableViewCell.xib; sourceTree = "<group>"; };
		E28B2595245B09D20067C622 /* NetworkingManager.swift */ = {isa = PBXFileReference; lastKnownFileType = sourcecode.swift; path = NetworkingManager.swift; sourceTree = "<group>"; };
		E28B2597245B0A100067C622 /* BaseRequest.swift */ = {isa = PBXFileReference; lastKnownFileType = sourcecode.swift; path = BaseRequest.swift; sourceTree = "<group>"; };
		E28B259C245B25890067C622 /* LaunchManager.swift */ = {isa = PBXFileReference; lastKnownFileType = sourcecode.swift; path = LaunchManager.swift; sourceTree = "<group>"; };
		E29818E3248429EF0087187D /* RESTMovieModel.swift */ = {isa = PBXFileReference; lastKnownFileType = sourcecode.swift; path = RESTMovieModel.swift; sourceTree = "<group>"; };
		E29818E62484304C0087187D /* MovieDetailsViewController.swift */ = {isa = PBXFileReference; lastKnownFileType = sourcecode.swift; path = MovieDetailsViewController.swift; sourceTree = "<group>"; };
		E29818E8248430930087187D /* MoviesListPresentation.swift */ = {isa = PBXFileReference; lastKnownFileType = sourcecode.swift; path = MoviesListPresentation.swift; sourceTree = "<group>"; };
		E29818ED2484336C0087187D /* MovieDetailsRouter.swift */ = {isa = PBXFileReference; lastKnownFileType = sourcecode.swift; path = MovieDetailsRouter.swift; sourceTree = "<group>"; };
		E29818EF2484397D0087187D /* AppRouter.swift */ = {isa = PBXFileReference; lastKnownFileType = sourcecode.swift; path = AppRouter.swift; sourceTree = "<group>"; };
		E29818F124843B620087187D /* TitleTableCell.xib */ = {isa = PBXFileReference; lastKnownFileType = file.xib; path = TitleTableCell.xib; sourceTree = "<group>"; };
		E29818F324843BD30087187D /* TitleTableCell.swift */ = {isa = PBXFileReference; lastKnownFileType = sourcecode.swift; path = TitleTableCell.swift; sourceTree = "<group>"; };
		E29818F524843D410087187D /* MovieDetailsViewModel.swift */ = {isa = PBXFileReference; lastKnownFileType = sourcecode.swift; path = MovieDetailsViewModel.swift; sourceTree = "<group>"; };
		E29818F72485170F0087187D /* MovieModel.swift */ = {isa = PBXFileReference; lastKnownFileType = sourcecode.swift; path = MovieModel.swift; sourceTree = "<group>"; };
		E29818F92485178D0087187D /* MockMovieModel.swift */ = {isa = PBXFileReference; lastKnownFileType = sourcecode.swift; path = MockMovieModel.swift; sourceTree = "<group>"; };
		E2ECE6C0245F91C100AF4E3F /* URLBuilder.swift */ = {isa = PBXFileReference; lastKnownFileType = sourcecode.swift; path = URLBuilder.swift; sourceTree = "<group>"; };
		E2ECE6C2245FB29400AF4E3F /* TopRatedRequest.swift */ = {isa = PBXFileReference; lastKnownFileType = sourcecode.swift; path = TopRatedRequest.swift; sourceTree = "<group>"; };
		E2ECE6C4245FB2C000AF4E3F /* NowPlayingRequest.swift */ = {isa = PBXFileReference; lastKnownFileType = sourcecode.swift; path = NowPlayingRequest.swift; sourceTree = "<group>"; };
		E2ECE6C6245FB2E700AF4E3F /* UpcomingRequest.swift */ = {isa = PBXFileReference; lastKnownFileType = sourcecode.swift; path = UpcomingRequest.swift; sourceTree = "<group>"; };
		EC07E23883DCB0A588BC4084 /* Pods_Movies.framework */ = {isa = PBXFileReference; explicitFileType = wrapper.framework; includeInIndex = 0; path = Pods_Movies.framework; sourceTree = BUILT_PRODUCTS_DIR; };
		FF2B5BA82493820400D87EF4 /* BasePage.swift */ = {isa = PBXFileReference; lastKnownFileType = sourcecode.swift; path = BasePage.swift; sourceTree = "<group>"; };
		FF2B5BAA2493822800D87EF4 /* HomePage.swift */ = {isa = PBXFileReference; lastKnownFileType = sourcecode.swift; path = HomePage.swift; sourceTree = "<group>"; };
		FF2B5BAC2493825800D87EF4 /* BaseTests.swift */ = {isa = PBXFileReference; lastKnownFileType = sourcecode.swift; path = BaseTests.swift; sourceTree = "<group>"; };
		FF2B5BAE2493828700D87EF4 /* HomePageTests.swift */ = {isa = PBXFileReference; lastKnownFileType = sourcecode.swift; path = HomePageTests.swift; sourceTree = "<group>"; };
/* End PBXFileReference section */

/* Begin PBXFrameworksBuildPhase section */
		E232DE21242BC79B00CCDDC3 /* Frameworks */ = {
			isa = PBXFrameworksBuildPhase;
			buildActionMask = 2147483647;
			files = (
				643535FA2E4C867006207441 /* Pods_Movies.framework in Frameworks */,
			);
			runOnlyForDeploymentPostprocessing = 0;
		};
		E232DE37242BC79C00CCDDC3 /* Frameworks */ = {
			isa = PBXFrameworksBuildPhase;
			buildActionMask = 2147483647;
			files = (
				DBB73DBDCDE96FEFB9EB9974 /* Pods_MoviesTests.framework in Frameworks */,
			);
			runOnlyForDeploymentPostprocessing = 0;
		};
		E232DE42242BC79D00CCDDC3 /* Frameworks */ = {
			isa = PBXFrameworksBuildPhase;
			buildActionMask = 2147483647;
			files = (
				53C8CBA6D5B9A8F30FD4CF3B /* Pods_Movies_MoviesUITests.framework in Frameworks */,
			);
			runOnlyForDeploymentPostprocessing = 0;
		};
/* End PBXFrameworksBuildPhase section */

/* Begin PBXGroup section */
		0006EE7C2C40D6F431F6F80A /* Pods */ = {
			isa = PBXGroup;
			children = (
				40274A246829DFC5BDF97A2A /* Pods-Movies.debug.xcconfig */,
				23F1FCEFD106BA822E3ED70B /* Pods-Movies.release.xcconfig */,
				407E764F890123D285BAAE6D /* Pods-Movies-MoviesUITests.debug.xcconfig */,
				D01A276615F114E9078F1C32 /* Pods-Movies-MoviesUITests.release.xcconfig */,
				DB68FF3510651136861668ED /* Pods-MoviesTests.debug.xcconfig */,
				49927B1D179DC8C45E2D7F73 /* Pods-MoviesTests.release.xcconfig */,
			);
			path = Pods;
			sourceTree = "<group>";
		};
		152D12CF512A965982E83C92 /* Frameworks */ = {
			isa = PBXGroup;
			children = (
				EC07E23883DCB0A588BC4084 /* Pods_Movies.framework */,
				8A685D5C61B585FDB666389D /* Pods_Movies_MoviesUITests.framework */,
				62C80DF37855A04B9E27D262 /* Pods_MoviesTests.framework */,
			);
			name = Frameworks;
			sourceTree = "<group>";
		};
		E232DE1B242BC79B00CCDDC3 = {
			isa = PBXGroup;
			children = (
				E232DE26242BC79B00CCDDC3 /* Movies */,
				E232DE3D242BC79C00CCDDC3 /* MoviesTests */,
				E232DE48242BC79D00CCDDC3 /* MoviesUITests */,
				E232DE25242BC79B00CCDDC3 /* Products */,
				0006EE7C2C40D6F431F6F80A /* Pods */,
				152D12CF512A965982E83C92 /* Frameworks */,
			);
			sourceTree = "<group>";
		};
		E232DE25242BC79B00CCDDC3 /* Products */ = {
			isa = PBXGroup;
			children = (
				E232DE24242BC79B00CCDDC3 /* MoviesDemo.app */,
				E232DE3A242BC79C00CCDDC3 /* MoviesTests.xctest */,
				E232DE45242BC79D00CCDDC3 /* MoviesUITests.xctest */,
			);
			name = Products;
			sourceTree = "<group>";
		};
		E232DE26242BC79B00CCDDC3 /* Movies */ = {
			isa = PBXGroup;
			children = (
				E232DE27242BC79B00CCDDC3 /* AppDelegate.swift */,
				E232DE2D242BC79B00CCDDC3 /* Main.storyboard */,
				E232DE35242BC79C00CCDDC3 /* Info.plist */,
				E28B259B245B25690067C622 /* Common */,
				E28B2594245B09C30067C622 /* Networking */,
				E29818E2248426580087187D /* Model */,
				E28B2599245B0AC10067C622 /* Screens */,
				E249620B245B2B740058DFDD /* Resources */,
			);
			path = Movies;
			sourceTree = "<group>";
		};
		E232DE3D242BC79C00CCDDC3 /* MoviesTests */ = {
			isa = PBXGroup;
			children = (
				E232DE3E242BC79D00CCDDC3 /* MoviesTests.swift */,
				E232DE40242BC79D00CCDDC3 /* Info.plist */,
			);
			path = MoviesTests;
			sourceTree = "<group>";
		};
		E232DE48242BC79D00CCDDC3 /* MoviesUITests */ = {
			isa = PBXGroup;
			children = (
				FF2B5BA72493819B00D87EF4 /* Tests */,
				FF2B5BA62493819100D87EF4 /* Pages */,
				E232DE49242BC79D00CCDDC3 /* MoviesUITests.swift */,
				E232DE4B242BC79D00CCDDC3 /* Info.plist */,
			);
			path = MoviesUITests;
			sourceTree = "<group>";
		};
		E2496202245B28690058DFDD /* Requests */ = {
			isa = PBXGroup;
			children = (
				E2496204245B28810058DFDD /* PopularMoviesRequest.swift */,
				E2ECE6C2245FB29400AF4E3F /* TopRatedRequest.swift */,
				E2ECE6C4245FB2C000AF4E3F /* NowPlayingRequest.swift */,
				E2ECE6C6245FB2E700AF4E3F /* UpcomingRequest.swift */,
			);
			path = Requests;
			sourceTree = "<group>";
		};
		E2496203245B28720058DFDD /* Models */ = {
			isa = PBXGroup;
			children = (
				E2496209245B29B30058DFDD /* Movie.swift */,
			);
			path = Models;
			sourceTree = "<group>";
		};
		E2496206245B29230058DFDD /* Responses */ = {
			isa = PBXGroup;
			children = (
				E2496207245B294D0058DFDD /* MoviesResponse.swift */,
			);
			path = Responses;
			sourceTree = "<group>";
		};
		E249620B245B2B740058DFDD /* Resources */ = {
			isa = PBXGroup;
			children = (
				E232DE30242BC79C00CCDDC3 /* Assets.xcassets */,
				E232DE32242BC79C00CCDDC3 /* LaunchScreen.storyboard */,
				AFCC00412497D71000650A22 /* GoogleService-Info.plist */,
			);
			path = Resources;
			sourceTree = "<group>";
		};
		E249620E245B33960058DFDD /* Cells */ = {
			isa = PBXGroup;
			children = (
				E249620F245B33AF0058DFDD /* MovieTableViewCell.swift */,
				E2496211245B34680058DFDD /* MovieTableViewCell.xib */,
			);
			path = Cells;
			sourceTree = "<group>";
		};
		E28B2594245B09C30067C622 /* Networking */ = {
			isa = PBXGroup;
			children = (
				E28B2595245B09D20067C622 /* NetworkingManager.swift */,
				E28B2597245B0A100067C622 /* BaseRequest.swift */,
				E2496202245B28690058DFDD /* Requests */,
				E2496206245B29230058DFDD /* Responses */,
				E2496203245B28720058DFDD /* Models */,
			);
			path = Networking;
			sourceTree = "<group>";
		};
		E28B2599245B0AC10067C622 /* Screens */ = {
			isa = PBXGroup;
			children = (
				E29818EF2484397D0087187D /* AppRouter.swift */,
				E29818E5248430290087187D /* Movie Details */,
				E28B259A245B0ACB0067C622 /* Movies List */,
			);
			path = Screens;
			sourceTree = "<group>";
		};
		E28B259A245B0ACB0067C622 /* Movies List */ = {
			isa = PBXGroup;
			children = (
				E249620E245B33960058DFDD /* Cells */,
				E232DE2B242BC79B00CCDDC3 /* MoviesListViewController.swift */,
				E2496200245B27910058DFDD /* MoviesListViewModel.swift */,
				E29818E8248430930087187D /* MoviesListPresentation.swift */,
			);
			path = "Movies List";
			sourceTree = "<group>";
		};
		E28B259B245B25690067C622 /* Common */ = {
			isa = PBXGroup;
			children = (
				E28B259C245B25890067C622 /* LaunchManager.swift */,
				E249620C245B2E090058DFDD /* BaseViewController.swift */,
				E2ECE6C0245F91C100AF4E3F /* URLBuilder.swift */,
			);
			path = Common;
			sourceTree = "<group>";
		};
		E29818E2248426580087187D /* Model */ = {
			isa = PBXGroup;
			children = (
				E298195D2485A2010087187D /* Movie */,
			);
			path = Model;
			sourceTree = "<group>";
		};
		E29818E5248430290087187D /* Movie Details */ = {
			isa = PBXGroup;
			children = (
				E29818EC2484324B0087187D /* Cells */,
				E29818E62484304C0087187D /* MovieDetailsViewController.swift */,
				E29818ED2484336C0087187D /* MovieDetailsRouter.swift */,
				E29818F524843D410087187D /* MovieDetailsViewModel.swift */,
			);
			path = "Movie Details";
			sourceTree = "<group>";
		};
		E29818EC2484324B0087187D /* Cells */ = {
			isa = PBXGroup;
			children = (
				E29818F124843B620087187D /* TitleTableCell.xib */,
				E29818F324843BD30087187D /* TitleTableCell.swift */,
			);
			path = Cells;
			sourceTree = "<group>";
		};
		E298195D2485A2010087187D /* Movie */ = {
			isa = PBXGroup;
			children = (
				E29818E3248429EF0087187D /* RESTMovieModel.swift */,
				E29818F72485170F0087187D /* MovieModel.swift */,
				E29818F92485178D0087187D /* MockMovieModel.swift */,
			);
			path = Movie;
			sourceTree = "<group>";
		};
		FF2B5BA62493819100D87EF4 /* Pages */ = {
			isa = PBXGroup;
			children = (
				FF2B5BA82493820400D87EF4 /* BasePage.swift */,
				FF2B5BAA2493822800D87EF4 /* HomePage.swift */,
			);
			path = Pages;
			sourceTree = "<group>";
		};
		FF2B5BA72493819B00D87EF4 /* Tests */ = {
			isa = PBXGroup;
			children = (
				FF2B5BAC2493825800D87EF4 /* BaseTests.swift */,
				FF2B5BAE2493828700D87EF4 /* HomePageTests.swift */,
			);
			path = Tests;
			sourceTree = "<group>";
		};
/* End PBXGroup section */

/* Begin PBXNativeTarget section */
		E232DE23242BC79B00CCDDC3 /* Movies */ = {
			isa = PBXNativeTarget;
			buildConfigurationList = E232DE4E242BC79D00CCDDC3 /* Build configuration list for PBXNativeTarget "Movies" */;
			buildPhases = (
				37DF6DDD8A6D003ADEBA7485 /* [CP] Check Pods Manifest.lock */,
				E232DE20242BC79B00CCDDC3 /* Sources */,
				E232DE21242BC79B00CCDDC3 /* Frameworks */,
				E232DE22242BC79B00CCDDC3 /* Resources */,
				E1CA6CFB8AD2EA113E122711 /* [CP] Embed Pods Frameworks */,
				AF519B392490F0440055814B /* FirebaseCrashlytics */,
			);
			buildRules = (
			);
			dependencies = (
			);
			name = Movies;
			productName = Movies;
			productReference = E232DE24242BC79B00CCDDC3 /* MoviesDemo.app */;
			productType = "com.apple.product-type.application";
		};
		E232DE39242BC79C00CCDDC3 /* MoviesTests */ = {
			isa = PBXNativeTarget;
			buildConfigurationList = E232DE51242BC79D00CCDDC3 /* Build configuration list for PBXNativeTarget "MoviesTests" */;
			buildPhases = (
				DA8EFA865721BCBA4F1BDF89 /* [CP] Check Pods Manifest.lock */,
				E232DE36242BC79C00CCDDC3 /* Sources */,
				E232DE37242BC79C00CCDDC3 /* Frameworks */,
				E232DE38242BC79C00CCDDC3 /* Resources */,
			);
			buildRules = (
			);
			dependencies = (
				E232DE3C242BC79C00CCDDC3 /* PBXTargetDependency */,
			);
			name = MoviesTests;
			productName = MoviesTests;
			productReference = E232DE3A242BC79C00CCDDC3 /* MoviesTests.xctest */;
			productType = "com.apple.product-type.bundle.unit-test";
		};
		E232DE44242BC79D00CCDDC3 /* MoviesUITests */ = {
			isa = PBXNativeTarget;
			buildConfigurationList = E232DE54242BC79D00CCDDC3 /* Build configuration list for PBXNativeTarget "MoviesUITests" */;
			buildPhases = (
				E9EAA68DCAE4CDE062CC9FBE /* [CP] Check Pods Manifest.lock */,
				E232DE41242BC79D00CCDDC3 /* Sources */,
				E232DE42242BC79D00CCDDC3 /* Frameworks */,
				E232DE43242BC79D00CCDDC3 /* Resources */,
				D7541ECDE73042685BCE3DDE /* [CP] Embed Pods Frameworks */,
			);
			buildRules = (
			);
			dependencies = (
				E232DE47242BC79D00CCDDC3 /* PBXTargetDependency */,
			);
			name = MoviesUITests;
			productName = MoviesUITests;
			productReference = E232DE45242BC79D00CCDDC3 /* MoviesUITests.xctest */;
			productType = "com.apple.product-type.bundle.ui-testing";
		};
/* End PBXNativeTarget section */

/* Begin PBXProject section */
		E232DE1C242BC79B00CCDDC3 /* Project object */ = {
			isa = PBXProject;
			attributes = {
				LastSwiftUpdateCheck = 1120;
				LastUpgradeCheck = 1120;
				ORGANIZATIONNAME = VNGRS;
				TargetAttributes = {
					E232DE23242BC79B00CCDDC3 = {
						CreatedOnToolsVersion = 11.2.1;
					};
					E232DE39242BC79C00CCDDC3 = {
						CreatedOnToolsVersion = 11.2.1;
						TestTargetID = E232DE23242BC79B00CCDDC3;
					};
					E232DE44242BC79D00CCDDC3 = {
						CreatedOnToolsVersion = 11.2.1;
						TestTargetID = E232DE23242BC79B00CCDDC3;
					};
				};
			};
			buildConfigurationList = E232DE1F242BC79B00CCDDC3 /* Build configuration list for PBXProject "Movies" */;
			compatibilityVersion = "Xcode 9.3";
			developmentRegion = en;
			hasScannedForEncodings = 0;
			knownRegions = (
				en,
				Base,
			);
			mainGroup = E232DE1B242BC79B00CCDDC3;
			productRefGroup = E232DE25242BC79B00CCDDC3 /* Products */;
			projectDirPath = "";
			projectRoot = "";
			targets = (
				E232DE23242BC79B00CCDDC3 /* Movies */,
				E232DE39242BC79C00CCDDC3 /* MoviesTests */,
				E232DE44242BC79D00CCDDC3 /* MoviesUITests */,
			);
		};
/* End PBXProject section */

/* Begin PBXResourcesBuildPhase section */
		E232DE22242BC79B00CCDDC3 /* Resources */ = {
			isa = PBXResourcesBuildPhase;
			buildActionMask = 2147483647;
			files = (
				E232DE34242BC79C00CCDDC3 /* LaunchScreen.storyboard in Resources */,
				E29818F224843B620087187D /* TitleTableCell.xib in Resources */,
				E232DE31242BC79C00CCDDC3 /* Assets.xcassets in Resources */,
				E2496212245B34680058DFDD /* MovieTableViewCell.xib in Resources */,
				E232DE2F242BC79B00CCDDC3 /* Main.storyboard in Resources */,
				AFCC00422497D71100650A22 /* GoogleService-Info.plist in Resources */,
			);
			runOnlyForDeploymentPostprocessing = 0;
		};
		E232DE38242BC79C00CCDDC3 /* Resources */ = {
			isa = PBXResourcesBuildPhase;
			buildActionMask = 2147483647;
			files = (
			);
			runOnlyForDeploymentPostprocessing = 0;
		};
		E232DE43242BC79D00CCDDC3 /* Resources */ = {
			isa = PBXResourcesBuildPhase;
			buildActionMask = 2147483647;
			files = (
			);
			runOnlyForDeploymentPostprocessing = 0;
		};
/* End PBXResourcesBuildPhase section */

/* Begin PBXShellScriptBuildPhase section */
		37DF6DDD8A6D003ADEBA7485 /* [CP] Check Pods Manifest.lock */ = {
			isa = PBXShellScriptBuildPhase;
			buildActionMask = 2147483647;
			files = (
			);
			inputFileListPaths = (
			);
			inputPaths = (
				"${PODS_PODFILE_DIR_PATH}/Podfile.lock",
				"${PODS_ROOT}/Manifest.lock",
			);
			name = "[CP] Check Pods Manifest.lock";
			outputFileListPaths = (
			);
			outputPaths = (
				"$(DERIVED_FILE_DIR)/Pods-Movies-checkManifestLockResult.txt",
			);
			runOnlyForDeploymentPostprocessing = 0;
			shellPath = /bin/sh;
			shellScript = "diff \"${PODS_PODFILE_DIR_PATH}/Podfile.lock\" \"${PODS_ROOT}/Manifest.lock\" > /dev/null\nif [ $? != 0 ] ; then\n    # print error to STDERR\n    echo \"error: The sandbox is not in sync with the Podfile.lock. Run 'pod install' or update your CocoaPods installation.\" >&2\n    exit 1\nfi\n# This output is used by Xcode 'outputs' to avoid re-running this script phase.\necho \"SUCCESS\" > \"${SCRIPT_OUTPUT_FILE_0}\"\n";
			showEnvVarsInLog = 0;
		};
		AF519B392490F0440055814B /* FirebaseCrashlytics */ = {
			isa = PBXShellScriptBuildPhase;
			buildActionMask = 2147483647;
			files = (
			);
			inputFileListPaths = (
			);
			inputPaths = (
				"${DWARF_DSYM_FOLDER_PATH}/${DWARF_DSYM_FILE_NAME}/Contents/Resources/DWARF/${TARGET_NAME}",
				"$(SRCROOT)/$(BUILT_PRODUCTS_DIR)/$(INFOPLIST_PATH)",
			);
			name = FirebaseCrashlytics;
			outputFileListPaths = (
			);
			outputPaths = (
			);
			runOnlyForDeploymentPostprocessing = 0;
			shellPath = /bin/sh;
			shellScript = "\"${PODS_ROOT}/FirebaseCrashlytics/run\"\n";
		};
		D7541ECDE73042685BCE3DDE /* [CP] Embed Pods Frameworks */ = {
			isa = PBXShellScriptBuildPhase;
			buildActionMask = 2147483647;
			files = (
			);
			inputFileListPaths = (
				"${PODS_ROOT}/Target Support Files/Pods-Movies-MoviesUITests/Pods-Movies-MoviesUITests-frameworks-${CONFIGURATION}-input-files.xcfilelist",
			);
			name = "[CP] Embed Pods Frameworks";
			outputFileListPaths = (
				"${PODS_ROOT}/Target Support Files/Pods-Movies-MoviesUITests/Pods-Movies-MoviesUITests-frameworks-${CONFIGURATION}-output-files.xcfilelist",
			);
			runOnlyForDeploymentPostprocessing = 0;
			shellPath = /bin/sh;
			shellScript = "\"${PODS_ROOT}/Target Support Files/Pods-Movies-MoviesUITests/Pods-Movies-MoviesUITests-frameworks.sh\"\n";
			showEnvVarsInLog = 0;
		};
		DA8EFA865721BCBA4F1BDF89 /* [CP] Check Pods Manifest.lock */ = {
			isa = PBXShellScriptBuildPhase;
			buildActionMask = 2147483647;
			files = (
			);
			inputFileListPaths = (
			);
			inputPaths = (
				"${PODS_PODFILE_DIR_PATH}/Podfile.lock",
				"${PODS_ROOT}/Manifest.lock",
			);
			name = "[CP] Check Pods Manifest.lock";
			outputFileListPaths = (
			);
			outputPaths = (
				"$(DERIVED_FILE_DIR)/Pods-MoviesTests-checkManifestLockResult.txt",
			);
			runOnlyForDeploymentPostprocessing = 0;
			shellPath = /bin/sh;
			shellScript = "diff \"${PODS_PODFILE_DIR_PATH}/Podfile.lock\" \"${PODS_ROOT}/Manifest.lock\" > /dev/null\nif [ $? != 0 ] ; then\n    # print error to STDERR\n    echo \"error: The sandbox is not in sync with the Podfile.lock. Run 'pod install' or update your CocoaPods installation.\" >&2\n    exit 1\nfi\n# This output is used by Xcode 'outputs' to avoid re-running this script phase.\necho \"SUCCESS\" > \"${SCRIPT_OUTPUT_FILE_0}\"\n";
			showEnvVarsInLog = 0;
		};
		E1CA6CFB8AD2EA113E122711 /* [CP] Embed Pods Frameworks */ = {
			isa = PBXShellScriptBuildPhase;
			buildActionMask = 2147483647;
			files = (
			);
			inputFileListPaths = (
				"${PODS_ROOT}/Target Support Files/Pods-Movies/Pods-Movies-frameworks-${CONFIGURATION}-input-files.xcfilelist",
			);
			name = "[CP] Embed Pods Frameworks";
			outputFileListPaths = (
				"${PODS_ROOT}/Target Support Files/Pods-Movies/Pods-Movies-frameworks-${CONFIGURATION}-output-files.xcfilelist",
			);
			runOnlyForDeploymentPostprocessing = 0;
			shellPath = /bin/sh;
			shellScript = "\"${PODS_ROOT}/Target Support Files/Pods-Movies/Pods-Movies-frameworks.sh\"\n";
			showEnvVarsInLog = 0;
		};
		E9EAA68DCAE4CDE062CC9FBE /* [CP] Check Pods Manifest.lock */ = {
			isa = PBXShellScriptBuildPhase;
			buildActionMask = 2147483647;
			files = (
			);
			inputFileListPaths = (
			);
			inputPaths = (
				"${PODS_PODFILE_DIR_PATH}/Podfile.lock",
				"${PODS_ROOT}/Manifest.lock",
			);
			name = "[CP] Check Pods Manifest.lock";
			outputFileListPaths = (
			);
			outputPaths = (
				"$(DERIVED_FILE_DIR)/Pods-Movies-MoviesUITests-checkManifestLockResult.txt",
			);
			runOnlyForDeploymentPostprocessing = 0;
			shellPath = /bin/sh;
			shellScript = "diff \"${PODS_PODFILE_DIR_PATH}/Podfile.lock\" \"${PODS_ROOT}/Manifest.lock\" > /dev/null\nif [ $? != 0 ] ; then\n    # print error to STDERR\n    echo \"error: The sandbox is not in sync with the Podfile.lock. Run 'pod install' or update your CocoaPods installation.\" >&2\n    exit 1\nfi\n# This output is used by Xcode 'outputs' to avoid re-running this script phase.\necho \"SUCCESS\" > \"${SCRIPT_OUTPUT_FILE_0}\"\n";
			showEnvVarsInLog = 0;
		};
/* End PBXShellScriptBuildPhase section */

/* Begin PBXSourcesBuildPhase section */
		E232DE20242BC79B00CCDDC3 /* Sources */ = {
			isa = PBXSourcesBuildPhase;
			buildActionMask = 2147483647;
			files = (
				E249620A245B29B30058DFDD /* Movie.swift in Sources */,
				E2496205245B28810058DFDD /* PopularMoviesRequest.swift in Sources */,
				E2496208245B294D0058DFDD /* MoviesResponse.swift in Sources */,
				E29818E4248429EF0087187D /* RESTMovieModel.swift in Sources */,
				E2ECE6C5245FB2C000AF4E3F /* NowPlayingRequest.swift in Sources */,
				E29818EE2484336C0087187D /* MovieDetailsRouter.swift in Sources */,
				E28B2598245B0A100067C622 /* BaseRequest.swift in Sources */,
				E2ECE6C7245FB2E700AF4E3F /* UpcomingRequest.swift in Sources */,
				E29818F02484397D0087187D /* AppRouter.swift in Sources */,
				E28B259D245B25890067C622 /* LaunchManager.swift in Sources */,
				E2ECE6C3245FB29500AF4E3F /* TopRatedRequest.swift in Sources */,
				E29818F424843BD30087187D /* TitleTableCell.swift in Sources */,
				E29818FA2485178D0087187D /* MockMovieModel.swift in Sources */,
				E29818F82485170F0087187D /* MovieModel.swift in Sources */,
				E2ECE6C1245F91C100AF4E3F /* URLBuilder.swift in Sources */,
				E249620D245B2E090058DFDD /* BaseViewController.swift in Sources */,
				E28B2596245B09D20067C622 /* NetworkingManager.swift in Sources */,
				E29818E9248430930087187D /* MoviesListPresentation.swift in Sources */,
				E29818F624843D410087187D /* MovieDetailsViewModel.swift in Sources */,
				E2496201245B27910058DFDD /* MoviesListViewModel.swift in Sources */,
				E232DE2C242BC79B00CCDDC3 /* MoviesListViewController.swift in Sources */,
				E2496210245B33AF0058DFDD /* MovieTableViewCell.swift in Sources */,
				E232DE28242BC79B00CCDDC3 /* AppDelegate.swift in Sources */,
				E29818E72484304C0087187D /* MovieDetailsViewController.swift in Sources */,
			);
			runOnlyForDeploymentPostprocessing = 0;
		};
		E232DE36242BC79C00CCDDC3 /* Sources */ = {
			isa = PBXSourcesBuildPhase;
			buildActionMask = 2147483647;
			files = (
				E232DE3F242BC79D00CCDDC3 /* MoviesTests.swift in Sources */,
			);
			runOnlyForDeploymentPostprocessing = 0;
		};
		E232DE41242BC79D00CCDDC3 /* Sources */ = {
			isa = PBXSourcesBuildPhase;
			buildActionMask = 2147483647;
			files = (
				FF2B5BAF2493828700D87EF4 /* HomePageTests.swift in Sources */,
				FF2B5BAD2493825800D87EF4 /* BaseTests.swift in Sources */,
				E232DE4A242BC79D00CCDDC3 /* MoviesUITests.swift in Sources */,
				FF2B5BAB2493822800D87EF4 /* HomePage.swift in Sources */,
				FF2B5BA92493820400D87EF4 /* BasePage.swift in Sources */,
			);
			runOnlyForDeploymentPostprocessing = 0;
		};
/* End PBXSourcesBuildPhase section */

/* Begin PBXTargetDependency section */
		E232DE3C242BC79C00CCDDC3 /* PBXTargetDependency */ = {
			isa = PBXTargetDependency;
			target = E232DE23242BC79B00CCDDC3 /* Movies */;
			targetProxy = E232DE3B242BC79C00CCDDC3 /* PBXContainerItemProxy */;
		};
		E232DE47242BC79D00CCDDC3 /* PBXTargetDependency */ = {
			isa = PBXTargetDependency;
			target = E232DE23242BC79B00CCDDC3 /* Movies */;
			targetProxy = E232DE46242BC79D00CCDDC3 /* PBXContainerItemProxy */;
		};
/* End PBXTargetDependency section */

/* Begin PBXVariantGroup section */
		E232DE2D242BC79B00CCDDC3 /* Main.storyboard */ = {
			isa = PBXVariantGroup;
			children = (
				E232DE2E242BC79B00CCDDC3 /* Base */,
			);
			name = Main.storyboard;
			sourceTree = "<group>";
		};
		E232DE32242BC79C00CCDDC3 /* LaunchScreen.storyboard */ = {
			isa = PBXVariantGroup;
			children = (
				E232DE33242BC79C00CCDDC3 /* Base */,
			);
			name = LaunchScreen.storyboard;
			sourceTree = "<group>";
		};
/* End PBXVariantGroup section */

/* Begin XCBuildConfiguration section */
		E232DE4C242BC79D00CCDDC3 /* Debug */ = {
			isa = XCBuildConfiguration;
			buildSettings = {
				ALWAYS_SEARCH_USER_PATHS = NO;
				CLANG_ANALYZER_NONNULL = YES;
				CLANG_ANALYZER_NUMBER_OBJECT_CONVERSION = YES_AGGRESSIVE;
				CLANG_CXX_LANGUAGE_STANDARD = "gnu++14";
				CLANG_CXX_LIBRARY = "libc++";
				CLANG_ENABLE_MODULES = YES;
				CLANG_ENABLE_OBJC_ARC = YES;
				CLANG_ENABLE_OBJC_WEAK = YES;
				CLANG_WARN_BLOCK_CAPTURE_AUTORELEASING = YES;
				CLANG_WARN_BOOL_CONVERSION = YES;
				CLANG_WARN_COMMA = YES;
				CLANG_WARN_CONSTANT_CONVERSION = YES;
				CLANG_WARN_DEPRECATED_OBJC_IMPLEMENTATIONS = YES;
				CLANG_WARN_DIRECT_OBJC_ISA_USAGE = YES_ERROR;
				CLANG_WARN_DOCUMENTATION_COMMENTS = YES;
				CLANG_WARN_EMPTY_BODY = YES;
				CLANG_WARN_ENUM_CONVERSION = YES;
				CLANG_WARN_INFINITE_RECURSION = YES;
				CLANG_WARN_INT_CONVERSION = YES;
				CLANG_WARN_NON_LITERAL_NULL_CONVERSION = YES;
				CLANG_WARN_OBJC_IMPLICIT_RETAIN_SELF = YES;
				CLANG_WARN_OBJC_LITERAL_CONVERSION = YES;
				CLANG_WARN_OBJC_ROOT_CLASS = YES_ERROR;
				CLANG_WARN_RANGE_LOOP_ANALYSIS = YES;
				CLANG_WARN_STRICT_PROTOTYPES = YES;
				CLANG_WARN_SUSPICIOUS_MOVE = YES;
				CLANG_WARN_UNGUARDED_AVAILABILITY = YES_AGGRESSIVE;
				CLANG_WARN_UNREACHABLE_CODE = YES;
				CLANG_WARN__DUPLICATE_METHOD_MATCH = YES;
				COPY_PHASE_STRIP = NO;
				DEBUG_INFORMATION_FORMAT = dwarf;
				ENABLE_STRICT_OBJC_MSGSEND = YES;
				ENABLE_TESTABILITY = YES;
				GCC_C_LANGUAGE_STANDARD = gnu11;
				GCC_DYNAMIC_NO_PIC = NO;
				GCC_NO_COMMON_BLOCKS = YES;
				GCC_OPTIMIZATION_LEVEL = 0;
				GCC_PREPROCESSOR_DEFINITIONS = (
					"DEBUG=1",
					"$(inherited)",
				);
				GCC_WARN_64_TO_32_BIT_CONVERSION = YES;
				GCC_WARN_ABOUT_RETURN_TYPE = YES_ERROR;
				GCC_WARN_UNDECLARED_SELECTOR = YES;
				GCC_WARN_UNINITIALIZED_AUTOS = YES_AGGRESSIVE;
				GCC_WARN_UNUSED_FUNCTION = YES;
				GCC_WARN_UNUSED_VARIABLE = YES;
				IPHONEOS_DEPLOYMENT_TARGET = 12.0;
				MTL_ENABLE_DEBUG_INFO = INCLUDE_SOURCE;
				MTL_FAST_MATH = YES;
				ONLY_ACTIVE_ARCH = YES;
				SDKROOT = iphoneos;
				SWIFT_ACTIVE_COMPILATION_CONDITIONS = DEBUG;
				SWIFT_OPTIMIZATION_LEVEL = "-Onone";
			};
			name = Debug;
		};
		E232DE4D242BC79D00CCDDC3 /* Release */ = {
			isa = XCBuildConfiguration;
			buildSettings = {
				ALWAYS_SEARCH_USER_PATHS = NO;
				CLANG_ANALYZER_NONNULL = YES;
				CLANG_ANALYZER_NUMBER_OBJECT_CONVERSION = YES_AGGRESSIVE;
				CLANG_CXX_LANGUAGE_STANDARD = "gnu++14";
				CLANG_CXX_LIBRARY = "libc++";
				CLANG_ENABLE_MODULES = YES;
				CLANG_ENABLE_OBJC_ARC = YES;
				CLANG_ENABLE_OBJC_WEAK = YES;
				CLANG_WARN_BLOCK_CAPTURE_AUTORELEASING = YES;
				CLANG_WARN_BOOL_CONVERSION = YES;
				CLANG_WARN_COMMA = YES;
				CLANG_WARN_CONSTANT_CONVERSION = YES;
				CLANG_WARN_DEPRECATED_OBJC_IMPLEMENTATIONS = YES;
				CLANG_WARN_DIRECT_OBJC_ISA_USAGE = YES_ERROR;
				CLANG_WARN_DOCUMENTATION_COMMENTS = YES;
				CLANG_WARN_EMPTY_BODY = YES;
				CLANG_WARN_ENUM_CONVERSION = YES;
				CLANG_WARN_INFINITE_RECURSION = YES;
				CLANG_WARN_INT_CONVERSION = YES;
				CLANG_WARN_NON_LITERAL_NULL_CONVERSION = YES;
				CLANG_WARN_OBJC_IMPLICIT_RETAIN_SELF = YES;
				CLANG_WARN_OBJC_LITERAL_CONVERSION = YES;
				CLANG_WARN_OBJC_ROOT_CLASS = YES_ERROR;
				CLANG_WARN_RANGE_LOOP_ANALYSIS = YES;
				CLANG_WARN_STRICT_PROTOTYPES = YES;
				CLANG_WARN_SUSPICIOUS_MOVE = YES;
				CLANG_WARN_UNGUARDED_AVAILABILITY = YES_AGGRESSIVE;
				CLANG_WARN_UNREACHABLE_CODE = YES;
				CLANG_WARN__DUPLICATE_METHOD_MATCH = YES;
				COPY_PHASE_STRIP = NO;
				DEBUG_INFORMATION_FORMAT = "dwarf-with-dsym";
				ENABLE_NS_ASSERTIONS = NO;
				ENABLE_STRICT_OBJC_MSGSEND = YES;
				GCC_C_LANGUAGE_STANDARD = gnu11;
				GCC_NO_COMMON_BLOCKS = YES;
				GCC_WARN_64_TO_32_BIT_CONVERSION = YES;
				GCC_WARN_ABOUT_RETURN_TYPE = YES_ERROR;
				GCC_WARN_UNDECLARED_SELECTOR = YES;
				GCC_WARN_UNINITIALIZED_AUTOS = YES_AGGRESSIVE;
				GCC_WARN_UNUSED_FUNCTION = YES;
				GCC_WARN_UNUSED_VARIABLE = YES;
				IPHONEOS_DEPLOYMENT_TARGET = 12.0;
				MTL_ENABLE_DEBUG_INFO = NO;
				MTL_FAST_MATH = YES;
				SDKROOT = iphoneos;
				SWIFT_COMPILATION_MODE = wholemodule;
				SWIFT_OPTIMIZATION_LEVEL = "-O";
				VALIDATE_PRODUCT = YES;
			};
			name = Release;
		};
		E232DE4F242BC79D00CCDDC3 /* Debug */ = {
			isa = XCBuildConfiguration;
			baseConfigurationReference = 40274A246829DFC5BDF97A2A /* Pods-Movies.debug.xcconfig */;
			buildSettings = {
				ALWAYS_EMBED_SWIFT_STANDARD_LIBRARIES = "$(inherited)";
				ASSETCATALOG_COMPILER_APPICON_NAME = AppIcon;
				CODE_SIGN_IDENTITY = "iPhone Distribution";
				CODE_SIGN_STYLE = Manual;
				CURRENT_PROJECT_VERSION = 44;
				DEBUG_INFORMATION_FORMAT = "dwarf-with-dsym";
				DEVELOPMENT_TEAM = PTDDPSLG9G;
				INFOPLIST_FILE = Movies/Info.plist;
				IPHONEOS_DEPLOYMENT_TARGET = 12.0;
				LD_RUNPATH_SEARCH_PATHS = (
					"$(inherited)",
					"@executable_path/Frameworks",
				);
				MARKETING_VERSION = 0.1.0;
				PRODUCT_BUNDLE_IDENTIFIER = com.vngrs.Movies.demo;
				PRODUCT_NAME = MoviesDemo;
				PROVISIONING_PROFILE_SPECIFIER = "match AdHoc com.vngrs.Movies.demo";
				SWIFT_VERSION = 5.0;
				TARGETED_DEVICE_FAMILY = 1;
				VERSIONING_SYSTEM = "apple-generic";
			};
			name = Debug;
		};
		E232DE50242BC79D00CCDDC3 /* Release */ = {
			isa = XCBuildConfiguration;
			baseConfigurationReference = 23F1FCEFD106BA822E3ED70B /* Pods-Movies.release.xcconfig */;
			buildSettings = {
				ALWAYS_EMBED_SWIFT_STANDARD_LIBRARIES = "$(inherited)";
				ASSETCATALOG_COMPILER_APPICON_NAME = AppIcon;
				CODE_SIGN_IDENTITY = "iPhone Distribution";
				CODE_SIGN_STYLE = Manual;
				CURRENT_PROJECT_VERSION = 44;
				DEVELOPMENT_TEAM = PTDDPSLG9G;
				INFOPLIST_FILE = Movies/Info.plist;
				IPHONEOS_DEPLOYMENT_TARGET = 12.0;
				LD_RUNPATH_SEARCH_PATHS = (
					"$(inherited)",
					"@executable_path/Frameworks",
				);
				MARKETING_VERSION = 0.1.0;
				PRODUCT_BUNDLE_IDENTIFIER = com.vngrs.Movies.demo;
				PRODUCT_NAME = MoviesDemo;
				PROVISIONING_PROFILE_SPECIFIER = "match AdHoc com.vngrs.Movies.demo";
				SWIFT_VERSION = 5.0;
				TARGETED_DEVICE_FAMILY = 1;
				VERSIONING_SYSTEM = "apple-generic";
			};
			name = Release;
		};
		E232DE52242BC79D00CCDDC3 /* Debug */ = {
			isa = XCBuildConfiguration;
			baseConfigurationReference = DB68FF3510651136861668ED /* Pods-MoviesTests.debug.xcconfig */;
			buildSettings = {
				ALWAYS_EMBED_SWIFT_STANDARD_LIBRARIES = YES;
				BUNDLE_LOADER = "$(TEST_HOST)";
				CODE_SIGN_STYLE = Manual;
				DEVELOPMENT_TEAM = PTDDPSLG9G;
				INFOPLIST_FILE = MoviesTests/Info.plist;
				IPHONEOS_DEPLOYMENT_TARGET = 13.2;
				LD_RUNPATH_SEARCH_PATHS = (
					"$(inherited)",
					"@executable_path/Frameworks",
					"@loader_path/Frameworks",
				);
				PRODUCT_BUNDLE_IDENTIFIER = com.vngrs.MoviesTests;
				PRODUCT_NAME = "$(TARGET_NAME)";
				SWIFT_VERSION = 5.0;
				TARGETED_DEVICE_FAMILY = "1,2";
				TEST_HOST = "$(BUILT_PRODUCTS_DIR)/Movies.app/Movies";
			};
			name = Debug;
		};
		E232DE53242BC79D00CCDDC3 /* Release */ = {
			isa = XCBuildConfiguration;
			baseConfigurationReference = 49927B1D179DC8C45E2D7F73 /* Pods-MoviesTests.release.xcconfig */;
			buildSettings = {
				ALWAYS_EMBED_SWIFT_STANDARD_LIBRARIES = YES;
				BUNDLE_LOADER = "$(TEST_HOST)";
				CODE_SIGN_STYLE = Manual;
				DEVELOPMENT_TEAM = PTDDPSLG9G;
				INFOPLIST_FILE = MoviesTests/Info.plist;
				IPHONEOS_DEPLOYMENT_TARGET = 13.2;
				LD_RUNPATH_SEARCH_PATHS = (
					"$(inherited)",
					"@executable_path/Frameworks",
					"@loader_path/Frameworks",
				);
				PRODUCT_BUNDLE_IDENTIFIER = com.vngrs.MoviesTests;
				PRODUCT_NAME = "$(TARGET_NAME)";
				SWIFT_VERSION = 5.0;
				TARGETED_DEVICE_FAMILY = "1,2";
				TEST_HOST = "$(BUILT_PRODUCTS_DIR)/Movies.app/Movies";
			};
			name = Release;
		};
		E232DE55242BC79D00CCDDC3 /* Debug */ = {
			isa = XCBuildConfiguration;
			baseConfigurationReference = 407E764F890123D285BAAE6D /* Pods-Movies-MoviesUITests.debug.xcconfig */;
			buildSettings = {
				ALWAYS_EMBED_SWIFT_STANDARD_LIBRARIES = "$(inherited)";
				CODE_SIGN_STYLE = Manual;
				DEVELOPMENT_TEAM = PTDDPSLG9G;
				INFOPLIST_FILE = MoviesUITests/Info.plist;
				LD_RUNPATH_SEARCH_PATHS = (
					"$(inherited)",
					"@executable_path/Frameworks",
					"@loader_path/Frameworks",
				);
				PRODUCT_BUNDLE_IDENTIFIER = com.vngrs.MoviesUITests;
				PRODUCT_NAME = "$(TARGET_NAME)";
				SWIFT_VERSION = 5.0;
				TARGETED_DEVICE_FAMILY = "1,2";
				TEST_TARGET_NAME = Movies;
			};
			name = Debug;
		};
		E232DE56242BC79D00CCDDC3 /* Release */ = {
			isa = XCBuildConfiguration;
			baseConfigurationReference = D01A276615F114E9078F1C32 /* Pods-Movies-MoviesUITests.release.xcconfig */;
			buildSettings = {
				ALWAYS_EMBED_SWIFT_STANDARD_LIBRARIES = "$(inherited)";
				CODE_SIGN_STYLE = Manual;
				DEVELOPMENT_TEAM = PTDDPSLG9G;
				INFOPLIST_FILE = MoviesUITests/Info.plist;
				LD_RUNPATH_SEARCH_PATHS = (
					"$(inherited)",
					"@executable_path/Frameworks",
					"@loader_path/Frameworks",
				);
				PRODUCT_BUNDLE_IDENTIFIER = com.vngrs.MoviesUITests;
				PRODUCT_NAME = "$(TARGET_NAME)";
				SWIFT_VERSION = 5.0;
				TARGETED_DEVICE_FAMILY = "1,2";
				TEST_TARGET_NAME = Movies;
			};
			name = Release;
		};
/* End XCBuildConfiguration section */

/* Begin XCConfigurationList section */
		E232DE1F242BC79B00CCDDC3 /* Build configuration list for PBXProject "Movies" */ = {
			isa = XCConfigurationList;
			buildConfigurations = (
				E232DE4C242BC79D00CCDDC3 /* Debug */,
				E232DE4D242BC79D00CCDDC3 /* Release */,
			);
			defaultConfigurationIsVisible = 0;
			defaultConfigurationName = Release;
		};
		E232DE4E242BC79D00CCDDC3 /* Build configuration list for PBXNativeTarget "Movies" */ = {
			isa = XCConfigurationList;
			buildConfigurations = (
				E232DE4F242BC79D00CCDDC3 /* Debug */,
				E232DE50242BC79D00CCDDC3 /* Release */,
			);
			defaultConfigurationIsVisible = 0;
			defaultConfigurationName = Release;
		};
		E232DE51242BC79D00CCDDC3 /* Build configuration list for PBXNativeTarget "MoviesTests" */ = {
			isa = XCConfigurationList;
			buildConfigurations = (
				E232DE52242BC79D00CCDDC3 /* Debug */,
				E232DE53242BC79D00CCDDC3 /* Release */,
			);
			defaultConfigurationIsVisible = 0;
			defaultConfigurationName = Release;
		};
		E232DE54242BC79D00CCDDC3 /* Build configuration list for PBXNativeTarget "MoviesUITests" */ = {
			isa = XCConfigurationList;
			buildConfigurations = (
				E232DE55242BC79D00CCDDC3 /* Debug */,
				E232DE56242BC79D00CCDDC3 /* Release */,
			);
			defaultConfigurationIsVisible = 0;
			defaultConfigurationName = Release;
		};
/* End XCConfigurationList section */
	};
	rootObject = E232DE1C242BC79B00CCDDC3 /* Project object */;
}
